{
  "version": 4,
  "terraform_version": "1.12.2",
  "serial": 4,
  "lineage": "c5ad32df-ef10-7ddd-3c7a-c3cc2eabf910",
  "outputs": {},
  "resources": [
    {
      "mode": "managed",
      "type": "aws_key_pair",
      "name": "zidan_key",
      "provider": "provider[\"registry.terraform.io/hashicorp/aws\"]",
      "instances": [
        {
          "schema_version": 1,
          "attributes": {
            "arn": "arn:aws:ec2:ap-southeast-1:762134991428:key-pair/zidan-key",
            "fingerprint": "29:68:c1:01:31:ba:2b:42:ed:29:93:f9:02:6b:19:89",
            "id": "zidan-key",
            "key_name": "zidan-key",
            "key_name_prefix": "",
            "key_pair_id": "key-07aaa2a64892b1288",
            "key_type": "rsa",
            "public_key": "ssh-rsa AAAAB3NzaC1yc2EAAAADAQABAAACAQCqm2W+nR8V7Ja5g2ec10zW+muKv90bKT7S+foib3BUtUMK4k9kKFRKDEHgioJ6bwcsZVgVZKSgW5yJrIVHsUibHSjgNEKiUPzykiJZHV9lLdF0+a2O/tWLmZ2QKeoqFcgNiraH70JUbDaw7VrsFMrIi7RNn3+To6HDmWBmN2qCFN/FfYjxwt1V9ePYY4EtzhwF7YKvFBvtvADGOQOcJaBmH918w0LJ3JCD0iffwYvj4Ne8VyxihewdjHTnCgvji0VPRMgdvKZ+jsme4g8v0Kybk4pj7a0qelyGzQsWeot9WbsF9ehu6Cuv7pEMYU2YFuqVxZvhPH6x6pXNIByVtjUOvkzNBstoq2uHIDNnYHl0dA55TEyhXAwd96+eydw6UcSd3o1C5BLtSv/wGvacEV5nbM7dqBtOPidWMt6BoomRkubVROSqJrOnELwOgSdAslDnt+z9beDxErIAfWiOYvSpEskN+y003vzX+FfZ2CD5PjZyuy4Jzl9fr738vrI5Rs1Eenxy3S3LVcQka+qsdzjyZg33z3o7Wrq8hKL9V/eifC8FPdbkA/KhJl/MeepaGTsCQxFmI6XTpth8eWSEsF3PpRjBatGLAmBc34EeuqpzgVQEFRpI//9ts9m/S0rjZ2kLkkMK2mvaHnf9fsptdj6OVUGyAbERRgyv/jlaUDLQfw== mohamad.alimin77@outlook.my",
            "region": "ap-southeast-1",
            "tags": null,
            "tags_all": {}
          },
          "sensitive_attributes": [],
          "identity_schema_version": 0,
          "private": "eyJzY2hlbWFfdmVyc2lvbiI6IjEifQ=="
        }
      ]
    },
    {
      "mode": "managed",
      "type": "aws_security_group",
      "name": "allow_ssh_http",
      "provider": "provider[\"registry.terraform.io/hashicorp/aws\"]",
      "instances": [
        {
          "schema_version": 1,
          "attributes": {
            "arn": "arn:aws:ec2:ap-southeast-1:762134991428:security-group/sg-060bfb9c0e81b0b4b",
            "description": "Allow SSH and HTTP traffic",
            "egress": [
              {
                "cidr_blocks": [
                  "0.0.0.0/0"
                ],
                "description": "",
                "from_port": 0,
                "ipv6_cidr_blocks": [],
                "prefix_list_ids": [],
                "protocol": "-1",
                "security_groups": [],
                "self": false,
                "to_port": 0
              }
            ],
            "id": "sg-060bfb9c0e81b0b4b",
            "ingress": [
              {
                "cidr_blocks": [
                  "0.0.0.0/0"
                ],
                "description": "HTTP",
                "from_port": 80,
                "ipv6_cidr_blocks": [],
                "prefix_list_ids": [],
                "protocol": "tcp",
                "security_groups": [],
                "self": false,
                "to_port": 80
              },
              {
                "cidr_blocks": [
                  "0.0.0.0/0"
                ],
                "description": "SSH",
                "from_port": 22,
                "ipv6_cidr_blocks": [],
                "prefix_list_ids": [],
                "protocol": "tcp",
                "security_groups": [],
                "self": false,
                "to_port": 22
              }
            ],
            "name": "allow_ssh_http",
            "name_prefix": "",
            "owner_id": "762134991428",
            "region": "ap-southeast-1",
            "revoke_rules_on_delete": false,
            "tags": null,
            "tags_all": {},
            "timeouts": null,
            "vpc_id": "vpc-0da37334c0b60d473"
          },
          "sensitive_attributes": [],
          "identity_schema_version": 0,
          "private": "eyJlMmJmYjczMC1lY2FhLTExZTYtOGY4OC0zNDM2M2JjN2M0YzAiOnsiY3JlYXRlIjo2MDAwMDAwMDAwMDAsImRlbGV0ZSI6OTAwMDAwMDAwMDAwfSwic2NoZW1hX3ZlcnNpb24iOiIxIn0="
        }
      ]
    }
  ],
  "check_results": null
}
